
Microsoft Visual Studio Solution File, Format Version 12.00
# Visual Studio Version 17
VisualStudioVersion = 17.4.33110.190
MinimumVisualStudioVersion = 10.0.40219.1
Project("{8BC9CEB8-8B4A-11D0-8D11-00A0C91BC942}") = "1.1 B", "1.1 B\1.1 B.vcxproj", "{1EBA0B9F-5D20-4862-9B1C-6DA2BBADC1B6}"
EndProject
Global
	GlobalSection(SolutionConfigurationPlatforms) = preSolution
		Debug|x64 = Debug|x64
		Debug|x86 = Debug|x86
		Release|x64 = Release|x64
		Release|x86 = Release|x86
	EndGlobalSection
	GlobalSection(ProjectConfigurationPlatforms) = postSolution
		{1EBA0B9F-5D20-4862-9B1C-6DA2BBADC1B6}.Debug|x64.ActiveCfg = Debug|x64
		{1EBA0B9F-5D20-4862-9B1C-6DA2BBADC1B6}.Debug|x64.Build.0 = Debug|x64
		{1EBA0B9F-5D20-4862-9B1C-6DA2BBADC1B6}.Debug|x86.ActiveCfg = Debug|Win32
		{1EBA0B9F-5D20-4862-9B1C-6DA2BBADC1B6}.Debug|x86.Build.0 = Debug|Win32
		{1EBA0B9F-5D20-4862-9B1C-6DA2BBADC1B6}.Release|x64.ActiveCfg = Release|x64
		{1EBA0B9F-5D20-4862-9B1C-6DA2BBADC1B6}.Release|x64.Build.0 = Release|x64
		{1EBA0B9F-5D20-4862-9B1C-6DA2BBADC1B6}.Release|x86.ActiveCfg = Release|Win32
		{1EBA0B9F-5D20-4862-9B1C-6DA2BBADC1B6}.Release|x86.Build.0 = Release|Win32
	EndGlobalSection
	GlobalSection(SolutionProperties) = preSolution
		HideSolutionNode = FALSE
	EndGlobalSection
	GlobalSection(ExtensibilityGlobals) = postSolution
		SolutionGuid = {C4C97C26-3F0A-4D9C-8178-89FF90BB8E71}
	EndGlobalSection
EndGlobal
