
Microsoft Visual Studio Solution File, Format Version 12.00
# Visual Studio Version 17
VisualStudioVersion = 17.4.33110.190
MinimumVisualStudioVersion = 10.0.40219.1
Project("{8BC9CEB8-8B4A-11D0-8D11-00A0C91BC942}") = "1.3B", "1.3B\1.3B.vcxproj", "{EF0FE6B9-640D-4970-9DD5-FCD2CF70FF06}"
EndProject
Global
	GlobalSection(SolutionConfigurationPlatforms) = preSolution
		Debug|x64 = Debug|x64
		Debug|x86 = Debug|x86
		Release|x64 = Release|x64
		Release|x86 = Release|x86
	EndGlobalSection
	GlobalSection(ProjectConfigurationPlatforms) = postSolution
		{EF0FE6B9-640D-4970-9DD5-FCD2CF70FF06}.Debug|x64.ActiveCfg = Debug|x64
		{EF0FE6B9-640D-4970-9DD5-FCD2CF70FF06}.Debug|x64.Build.0 = Debug|x64
		{EF0FE6B9-640D-4970-9DD5-FCD2CF70FF06}.Debug|x86.ActiveCfg = Debug|Win32
		{EF0FE6B9-640D-4970-9DD5-FCD2CF70FF06}.Debug|x86.Build.0 = Debug|Win32
		{EF0FE6B9-640D-4970-9DD5-FCD2CF70FF06}.Release|x64.ActiveCfg = Release|x64
		{EF0FE6B9-640D-4970-9DD5-FCD2CF70FF06}.Release|x64.Build.0 = Release|x64
		{EF0FE6B9-640D-4970-9DD5-FCD2CF70FF06}.Release|x86.ActiveCfg = Release|Win32
		{EF0FE6B9-640D-4970-9DD5-FCD2CF70FF06}.Release|x86.Build.0 = Release|Win32
	EndGlobalSection
	GlobalSection(SolutionProperties) = preSolution
		HideSolutionNode = FALSE
	EndGlobalSection
	GlobalSection(ExtensibilityGlobals) = postSolution
		SolutionGuid = {4A6BD59E-A2B7-4705-A04A-226FC130605D}
	EndGlobalSection
EndGlobal
