
Microsoft Visual Studio Solution File, Format Version 12.00
# Visual Studio Version 17
VisualStudioVersion = 17.3.32922.545
MinimumVisualStudioVersion = 10.0.40219.1
Project("{8BC9CEB8-8B4A-11D0-8D11-00A0C91BC942}") = "ConsoleApplication1", "ConsoleApplication1\ConsoleApplication1.vcxproj", "{F265EC03-F249-4473-8503-0390686747D5}"
EndProject
Global
	GlobalSection(SolutionConfigurationPlatforms) = preSolution
		Debug|x64 = Debug|x64
		Debug|x86 = Debug|x86
		Release|x64 = Release|x64
		Release|x86 = Release|x86
	EndGlobalSection
	GlobalSection(ProjectConfigurationPlatforms) = postSolution
		{F265EC03-F249-4473-8503-0390686747D5}.Debug|x64.ActiveCfg = Debug|x64
		{F265EC03-F249-4473-8503-0390686747D5}.Debug|x64.Build.0 = Debug|x64
		{F265EC03-F249-4473-8503-0390686747D5}.Debug|x86.ActiveCfg = Debug|Win32
		{F265EC03-F249-4473-8503-0390686747D5}.Debug|x86.Build.0 = Debug|Win32
		{F265EC03-F249-4473-8503-0390686747D5}.Release|x64.ActiveCfg = Release|x64
		{F265EC03-F249-4473-8503-0390686747D5}.Release|x64.Build.0 = Release|x64
		{F265EC03-F249-4473-8503-0390686747D5}.Release|x86.ActiveCfg = Release|Win32
		{F265EC03-F249-4473-8503-0390686747D5}.Release|x86.Build.0 = Release|Win32
	EndGlobalSection
	GlobalSection(SolutionProperties) = preSolution
		HideSolutionNode = FALSE
	EndGlobalSection
	GlobalSection(ExtensibilityGlobals) = postSolution
		SolutionGuid = {1C1AAE57-87CE-4DE7-9E38-1E89D438E870}
	EndGlobalSection
EndGlobal
